// !$*UTF8*$!
{
	archiveVersion = 1;
	classes = {
	};
	objectVersion = 56;
	objects = {

/* Begin PBXBuildFile section */
		25603AEB2A2102AB00DF3096 /* AppDelegate.swift in Sources */ = {isa = PBXBuildFile; fileRef = 25603AEA2A2102AB00DF3096 /* AppDelegate.swift */; };
		25603AED2A2102AB00DF3096 /* SceneDelegate.swift in Sources */ = {isa = PBXBuildFile; fileRef = 25603AEC2A2102AB00DF3096 /* SceneDelegate.swift */; };
		25603AF22A2102AB00DF3096 /* Main.storyboard in Resources */ = {isa = PBXBuildFile; fileRef = 25603AF02A2102AB00DF3096 /* Main.storyboard */; };
		25603AF42A2102AD00DF3096 /* Assets.xcassets in Resources */ = {isa = PBXBuildFile; fileRef = 25603AF32A2102AD00DF3096 /* Assets.xcassets */; };
		25603AF72A2102AD00DF3096 /* LaunchScreen.storyboard in Resources */ = {isa = PBXBuildFile; fileRef = 25603AF52A2102AD00DF3096 /* LaunchScreen.storyboard */; };
		25603B032A210EBB00DF3096 /* PersonsListViewController.swift in Sources */ = {isa = PBXBuildFile; fileRef = 25603B022A210EBB00DF3096 /* PersonsListViewController.swift */; };
		25603B052A2118DB00DF3096 /* DataStore.swift in Sources */ = {isa = PBXBuildFile; fileRef = 25603B042A2118DB00DF3096 /* DataStore.swift */; };
		25603B082A211B4F00DF3096 /* Person.swift in Sources */ = {isa = PBXBuildFile; fileRef = 25603B072A211B4F00DF3096 /* Person.swift */; };
		25603B0B2A2368CE00DF3096 /* PersonDetailsViewController.swift in Sources */ = {isa = PBXBuildFile; fileRef = 25603B0A2A2368CE00DF3096 /* PersonDetailsViewController.swift */; };
		25603B0D2A239A9000DF3096 /* SecondPersonsListViewController.swift in Sources */ = {isa = PBXBuildFile; fileRef = 25603B0C2A239A9000DF3096 /* SecondPersonsListViewController.swift */; };
		25603B0F2A23A81400DF3096 /* TabBarController.swift in Sources */ = {isa = PBXBuildFile; fileRef = 25603B0E2A23A81400DF3096 /* TabBarController.swift */; };
/* End PBXBuildFile section */

/* Begin PBXFileReference section */
		25603AE72A2102AB00DF3096 /* ContactList.app */ = {isa = PBXFileReference; explicitFileType = wrapper.application; includeInIndex = 0; path = ContactList.app; sourceTree = BUILT_PRODUCTS_DIR; };
		25603AEA2A2102AB00DF3096 /* AppDelegate.swift */ = {isa = PBXFileReference; lastKnownFileType = sourcecode.swift; path = AppDelegate.swift; sourceTree = "<group>"; };
		25603AEC2A2102AB00DF3096 /* SceneDelegate.swift */ = {isa = PBXFileReference; lastKnownFileType = sourcecode.swift; path = SceneDelegate.swift; sourceTree = "<group>"; };
		25603AF12A2102AB00DF3096 /* Base */ = {isa = PBXFileReference; lastKnownFileType = file.storyboard; name = Base; path = Base.lproj/Main.storyboard; sourceTree = "<group>"; };
		25603AF32A2102AD00DF3096 /* Assets.xcassets */ = {isa = PBXFileReference; lastKnownFileType = folder.assetcatalog; path = Assets.xcassets; sourceTree = "<group>"; };
		25603AF62A2102AD00DF3096 /* Base */ = {isa = PBXFileReference; lastKnownFileType = file.storyboard; name = Base; path = Base.lproj/LaunchScreen.storyboard; sourceTree = "<group>"; };
		25603AF82A2102AD00DF3096 /* Info.plist */ = {isa = PBXFileReference; lastKnownFileType = text.plist.xml; path = Info.plist; sourceTree = "<group>"; };
		25603B022A210EBB00DF3096 /* PersonsListViewController.swift */ = {isa = PBXFileReference; lastKnownFileType = sourcecode.swift; path = PersonsListViewController.swift; sourceTree = "<group>"; };
		25603B042A2118DB00DF3096 /* DataStore.swift */ = {isa = PBXFileReference; lastKnownFileType = sourcecode.swift; path = DataStore.swift; sourceTree = "<group>"; };
		25603B072A211B4F00DF3096 /* Person.swift */ = {isa = PBXFileReference; lastKnownFileType = sourcecode.swift; path = Person.swift; sourceTree = "<group>"; };
		25603B0A2A2368CE00DF3096 /* PersonDetailsViewController.swift */ = {isa = PBXFileReference; lastKnownFileType = sourcecode.swift; path = PersonDetailsViewController.swift; sourceTree = "<group>"; };
		25603B0C2A239A9000DF3096 /* SecondPersonsListViewController.swift */ = {isa = PBXFileReference; lastKnownFileType = sourcecode.swift; path = SecondPersonsListViewController.swift; sourceTree = "<group>"; };
		25603B0E2A23A81400DF3096 /* TabBarController.swift */ = {isa = PBXFileReference; lastKnownFileType = sourcecode.swift; path = TabBarController.swift; sourceTree = "<group>"; };
/* End PBXFileReference section */

/* Begin PBXFrameworksBuildPhase section */
		25603AE42A2102AB00DF3096 /* Frameworks */ = {
			isa = PBXFrameworksBuildPhase;
			buildActionMask = 2147483647;
			files = (
			);
			runOnlyForDeploymentPostprocessing = 0;
		};
/* End PBXFrameworksBuildPhase section */

/* Begin PBXGroup section */
		25603ADE2A2102AB00DF3096 = {
			isa = PBXGroup;
			children = (
				25603AE92A2102AB00DF3096 /* ContactList */,
				25603AE82A2102AB00DF3096 /* Products */,
			);
			sourceTree = "<group>";
		};
		25603AE82A2102AB00DF3096 /* Products */ = {
			isa = PBXGroup;
			children = (
				25603AE72A2102AB00DF3096 /* ContactList.app */,
			);
			name = Products;
			sourceTree = "<group>";
		};
		25603AE92A2102AB00DF3096 /* ContactList */ = {
			isa = PBXGroup;
			children = (
				25603B092A211B5F00DF3096 /* Models */,
				25603B062A211A6A00DF3096 /* Services */,
				25603B002A2102F300DF3096 /* App */,
				25603AFE2A2102C400DF3096 /* ViewControllers */,
				25603AFF2A2102DE00DF3096 /* Storyboards */,
				25603B012A2102FA00DF3096 /* Resourses */,
			);
			path = ContactList;
			sourceTree = "<group>";
		};
		25603AFE2A2102C400DF3096 /* ViewControllers */ = {
			isa = PBXGroup;
			children = (
				25603B0E2A23A81400DF3096 /* TabBarController.swift */,
				25603B022A210EBB00DF3096 /* PersonsListViewController.swift */,
				25603B0A2A2368CE00DF3096 /* PersonDetailsViewController.swift */,
				25603B0C2A239A9000DF3096 /* SecondPersonsListViewController.swift */,
			);
			path = ViewControllers;
			sourceTree = "<group>";
		};
		25603AFF2A2102DE00DF3096 /* Storyboards */ = {
			isa = PBXGroup;
			children = (
				25603AF02A2102AB00DF3096 /* Main.storyboard */,
				25603AF52A2102AD00DF3096 /* LaunchScreen.storyboard */,
			);
			path = Storyboards;
			sourceTree = "<group>";
		};
		25603B002A2102F300DF3096 /* App */ = {
			isa = PBXGroup;
			children = (
				25603AEA2A2102AB00DF3096 /* AppDelegate.swift */,
				25603AEC2A2102AB00DF3096 /* SceneDelegate.swift */,
				25603AF82A2102AD00DF3096 /* Info.plist */,
			);
			path = App;
			sourceTree = "<group>";
		};
		25603B012A2102FA00DF3096 /* Resourses */ = {
			isa = PBXGroup;
			children = (
				25603AF32A2102AD00DF3096 /* Assets.xcassets */,
			);
			path = Resourses;
			sourceTree = "<group>";
		};
		25603B062A211A6A00DF3096 /* Services */ = {
			isa = PBXGroup;
			children = (
				25603B042A2118DB00DF3096 /* DataStore.swift */,
			);
			path = Services;
			sourceTree = "<group>";
		};
		25603B092A211B5F00DF3096 /* Models */ = {
			isa = PBXGroup;
			children = (
				25603B072A211B4F00DF3096 /* Person.swift */,
			);
			path = Models;
			sourceTree = "<group>";
		};
/* End PBXGroup section */

/* Begin PBXNativeTarget section */
		25603AE62A2102AB00DF3096 /* ContactList */ = {
			isa = PBXNativeTarget;
			buildConfigurationList = 25603AFB2A2102AD00DF3096 /* Build configuration list for PBXNativeTarget "ContactList" */;
			buildPhases = (
				25603AE32A2102AB00DF3096 /* Sources */,
				25603AE42A2102AB00DF3096 /* Frameworks */,
				25603AE52A2102AB00DF3096 /* Resources */,
			);
			buildRules = (
			);
			dependencies = (
			);
			name = ContactList;
			productName = ContactList;
			productReference = 25603AE72A2102AB00DF3096 /* ContactList.app */;
			productType = "com.apple.product-type.application";
		};
/* End PBXNativeTarget section */

/* Begin PBXProject section */
		25603ADF2A2102AB00DF3096 /* Project object */ = {
			isa = PBXProject;
			attributes = {
				BuildIndependentTargetsInParallel = 1;
				LastSwiftUpdateCheck = 1430;
				LastUpgradeCheck = 1430;
				TargetAttributes = {
					25603AE62A2102AB00DF3096 = {
						CreatedOnToolsVersion = 14.3;
					};
				};
			};
			buildConfigurationList = 25603AE22A2102AB00DF3096 /* Build configuration list for PBXProject "ContactList" */;
			compatibilityVersion = "Xcode 14.0";
			developmentRegion = en;
			hasScannedForEncodings = 0;
			knownRegions = (
				en,
				Base,
			);
			mainGroup = 25603ADE2A2102AB00DF3096;
			productRefGroup = 25603AE82A2102AB00DF3096 /* Products */;
			projectDirPath = "";
			projectRoot = "";
			targets = (
				25603AE62A2102AB00DF3096 /* ContactList */,
			);
		};
/* End PBXProject section */

/* Begin PBXResourcesBuildPhase section */
		25603AE52A2102AB00DF3096 /* Resources */ = {
			isa = PBXResourcesBuildPhase;
			buildActionMask = 2147483647;
			files = (
				25603AF72A2102AD00DF3096 /* LaunchScreen.storyboard in Resources */,
				25603AF42A2102AD00DF3096 /* Assets.xcassets in Resources */,
				25603AF22A2102AB00DF3096 /* Main.storyboard in Resources */,
			);
			runOnlyForDeploymentPostprocessing = 0;
		};
/* End PBXResourcesBuildPhase section */

/* Begin PBXSourcesBuildPhase section */
		25603AE32A2102AB00DF3096 /* Sources */ = {
			isa = PBXSourcesBuildPhase;
			buildActionMask = 2147483647;
			files = (
				25603B082A211B4F00DF3096 /* Person.swift in Sources */,
				25603B0F2A23A81400DF3096 /* TabBarController.swift in Sources */,
				25603AEB2A2102AB00DF3096 /* AppDelegate.swift in Sources */,
				25603B0D2A239A9000DF3096 /* SecondPersonsListViewController.swift in Sources */,
				25603B0B2A2368CE00DF3096 /* PersonDetailsViewController.swift in Sources */,
				25603B052A2118DB00DF3096 /* DataStore.swift in Sources */,
				25603B032A210EBB00DF3096 /* PersonsListViewController.swift in Sources */,
				25603AED2A2102AB00DF3096 /* SceneDelegate.swift in Sources */,
			);
			runOnlyForDeploymentPostprocessing = 0;
		};
/* End PBXSourcesBuildPhase section */

/* Begin PBXVariantGroup section */
		25603AF02A2102AB00DF3096 /* Main.storyboard */ = {
			isa = PBXVariantGroup;
			children = (
				25603AF12A2102AB00DF3096 /* Base */,
			);
			name = Main.storyboard;
			sourceTree = "<group>";
		};
		25603AF52A2102AD00DF3096 /* LaunchScreen.storyboard */ = {
			isa = PBXVariantGroup;
			children = (
				25603AF62A2102AD00DF3096 /* Base */,
			);
			name = LaunchScreen.storyboard;
			sourceTree = "<group>";
		};
/* End PBXVariantGroup section */

/* Begin XCBuildConfiguration section */
		25603AF92A2102AD00DF3096 /* Debug */ = {
			isa = XCBuildConfiguration;
			buildSettings = {
				ALWAYS_SEARCH_USER_PATHS = NO;
				CLANG_ANALYZER_NONNULL = YES;
				CLANG_ANALYZER_NUMBER_OBJECT_CONVERSION = YES_AGGRESSIVE;
				CLANG_CXX_LANGUAGE_STANDARD = "gnu++20";
				CLANG_ENABLE_MODULES = YES;
				CLANG_ENABLE_OBJC_ARC = YES;
				CLANG_ENABLE_OBJC_WEAK = YES;
				CLANG_WARN_BLOCK_CAPTURE_AUTORELEASING = YES;
				CLANG_WARN_BOOL_CONVERSION = YES;
				CLANG_WARN_COMMA = YES;
				CLANG_WARN_CONSTANT_CONVERSION = YES;
				CLANG_WARN_DEPRECATED_OBJC_IMPLEMENTATIONS = YES;
				CLANG_WARN_DIRECT_OBJC_ISA_USAGE = YES_ERROR;
				CLANG_WARN_DOCUMENTATION_COMMENTS = YES;
				CLANG_WARN_EMPTY_BODY = YES;
				CLANG_WARN_ENUM_CONVERSION = YES;
				CLANG_WARN_INFINITE_RECURSION = YES;
				CLANG_WARN_INT_CONVERSION = YES;
				CLANG_WARN_NON_LITERAL_NULL_CONVERSION = YES;
				CLANG_WARN_OBJC_IMPLICIT_RETAIN_SELF = YES;
				CLANG_WARN_OBJC_LITERAL_CONVERSION = YES;
				CLANG_WARN_OBJC_ROOT_CLASS = YES_ERROR;
				CLANG_WARN_QUOTED_INCLUDE_IN_FRAMEWORK_HEADER = YES;
				CLANG_WARN_RANGE_LOOP_ANALYSIS = YES;
				CLANG_WARN_STRICT_PROTOTYPES = YES;
				CLANG_WARN_SUSPICIOUS_MOVE = YES;
				CLANG_WARN_UNGUARDED_AVAILABILITY = YES_AGGRESSIVE;
				CLANG_WARN_UNREACHABLE_CODE = YES;
				CLANG_WARN__DUPLICATE_METHOD_MATCH = YES;
				COPY_PHASE_STRIP = NO;
				DEBUG_INFORMATION_FORMAT = dwarf;
				ENABLE_STRICT_OBJC_MSGSEND = YES;
				ENABLE_TESTABILITY = YES;
				GCC_C_LANGUAGE_STANDARD = gnu11;
				GCC_DYNAMIC_NO_PIC = NO;
				GCC_NO_COMMON_BLOCKS = YES;
				GCC_OPTIMIZATION_LEVEL = 0;
				GCC_PREPROCESSOR_DEFINITIONS = (
					"DEBUG=1",
					"$(inherited)",
				);
				GCC_WARN_64_TO_32_BIT_CONVERSION = YES;
				GCC_WARN_ABOUT_RETURN_TYPE = YES_ERROR;
				GCC_WARN_UNDECLARED_SELECTOR = YES;
				GCC_WARN_UNINITIALIZED_AUTOS = YES_AGGRESSIVE;
				GCC_WARN_UNUSED_FUNCTION = YES;
				GCC_WARN_UNUSED_VARIABLE = YES;
				IPHONEOS_DEPLOYMENT_TARGET = 16.4;
				MTL_ENABLE_DEBUG_INFO = INCLUDE_SOURCE;
				MTL_FAST_MATH = YES;
				ONLY_ACTIVE_ARCH = YES;
				SDKROOT = iphoneos;
				SWIFT_ACTIVE_COMPILATION_CONDITIONS = DEBUG;
				SWIFT_OPTIMIZATION_LEVEL = "-Onone";
			};
			name = Debug;
		};
		25603AFA2A2102AD00DF3096 /* Release */ = {
			isa = XCBuildConfiguration;
			buildSettings = {
				ALWAYS_SEARCH_USER_PATHS = NO;
				CLANG_ANALYZER_NONNULL = YES;
				CLANG_ANALYZER_NUMBER_OBJECT_CONVERSION = YES_AGGRESSIVE;
				CLANG_CXX_LANGUAGE_STANDARD = "gnu++20";
				CLANG_ENABLE_MODULES = YES;
				CLANG_ENABLE_OBJC_ARC = YES;
				CLANG_ENABLE_OBJC_WEAK = YES;
				CLANG_WARN_BLOCK_CAPTURE_AUTORELEASING = YES;
				CLANG_WARN_BOOL_CONVERSION = YES;
				CLANG_WARN_COMMA = YES;
				CLANG_WARN_CONSTANT_CONVERSION = YES;
				CLANG_WARN_DEPRECATED_OBJC_IMPLEMENTATIONS = YES;
				CLANG_WARN_DIRECT_OBJC_ISA_USAGE = YES_ERROR;
				CLANG_WARN_DOCUMENTATION_COMMENTS = YES;
				CLANG_WARN_EMPTY_BODY = YES;
				CLANG_WARN_ENUM_CONVERSION = YES;
				CLANG_WARN_INFINITE_RECURSION = YES;
				CLANG_WARN_INT_CONVERSION = YES;
				CLANG_WARN_NON_LITERAL_NULL_CONVERSION = YES;
				CLANG_WARN_OBJC_IMPLICIT_RETAIN_SELF = YES;
				CLANG_WARN_OBJC_LITERAL_CONVERSION = YES;
				CLANG_WARN_OBJC_ROOT_CLASS = YES_ERROR;
				CLANG_WARN_QUOTED_INCLUDE_IN_FRAMEWORK_HEADER = YES;
				CLANG_WARN_RANGE_LOOP_ANALYSIS = YES;
				CLANG_WARN_STRICT_PROTOTYPES = YES;
				CLANG_WARN_SUSPICIOUS_MOVE = YES;
				CLANG_WARN_UNGUARDED_AVAILABILITY = YES_AGGRESSIVE;
				CLANG_WARN_UNREACHABLE_CODE = YES;
				CLANG_WARN__DUPLICATE_METHOD_MATCH = YES;
				COPY_PHASE_STRIP = NO;
				DEBUG_INFORMATION_FORMAT = "dwarf-with-dsym";
				ENABLE_NS_ASSERTIONS = NO;
				ENABLE_STRICT_OBJC_MSGSEND = YES;
				GCC_C_LANGUAGE_STANDARD = gnu11;
				GCC_NO_COMMON_BLOCKS = YES;
				GCC_WARN_64_TO_32_BIT_CONVERSION = YES;
				GCC_WARN_ABOUT_RETURN_TYPE = YES_ERROR;
				GCC_WARN_UNDECLARED_SELECTOR = YES;
				GCC_WARN_UNINITIALIZED_AUTOS = YES_AGGRESSIVE;
				GCC_WARN_UNUSED_FUNCTION = YES;
				GCC_WARN_UNUSED_VARIABLE = YES;
				IPHONEOS_DEPLOYMENT_TARGET = 16.4;
				MTL_ENABLE_DEBUG_INFO = NO;
				MTL_FAST_MATH = YES;
				SDKROOT = iphoneos;
				SWIFT_COMPILATION_MODE = wholemodule;
				SWIFT_OPTIMIZATION_LEVEL = "-O";
				VALIDATE_PRODUCT = YES;
			};
			name = Release;
		};
		25603AFC2A2102AD00DF3096 /* Debug */ = {
			isa = XCBuildConfiguration;
			buildSettings = {
				ASSETCATALOG_COMPILER_APPICON_NAME = AppIcon;
				ASSETCATALOG_COMPILER_GLOBAL_ACCENT_COLOR_NAME = AccentColor;
				CODE_SIGN_STYLE = Automatic;
				CURRENT_PROJECT_VERSION = 1;
				DEVELOPMENT_TEAM = D45TJAN5K6;
				GENERATE_INFOPLIST_FILE = YES;
				INFOPLIST_FILE = ContactList/App/Info.plist;
				INFOPLIST_KEY_UIApplicationSupportsIndirectInputEvents = YES;
				INFOPLIST_KEY_UILaunchStoryboardName = LaunchScreen;
				INFOPLIST_KEY_UIMainStoryboardFile = Main;
				INFOPLIST_KEY_UISupportedInterfaceOrientations = UIInterfaceOrientationPortrait;
				INFOPLIST_KEY_UISupportedInterfaceOrientations_iPad = "UIInterfaceOrientationLandscapeLeft UIInterfaceOrientationLandscapeRight UIInterfaceOrientationPortrait UIInterfaceOrientationPortraitUpsideDown";
				LD_RUNPATH_SEARCH_PATHS = (
					"$(inherited)",
					"@executable_path/Frameworks",
				);
				MARKETING_VERSION = 1.0;
				PRODUCT_BUNDLE_IDENTIFIER = "-.ContactList";
				PRODUCT_NAME = "$(TARGET_NAME)";
				SUPPORTED_PLATFORMS = "iphoneos iphonesimulator";
				SUPPORTS_MACCATALYST = NO;
				SUPPORTS_MAC_DESIGNED_FOR_IPHONE_IPAD = NO;
				SWIFT_EMIT_LOC_STRINGS = YES;
				SWIFT_VERSION = 5.0;
				TARGETED_DEVICE_FAMILY = 1;
			};
			name = Debug;
		};
		25603AFD2A2102AD00DF3096 /* Release */ = {
			isa = XCBuildConfiguration;
			buildSettings = {
				ASSETCATALOG_COMPILER_APPICON_NAME = AppIcon;
				ASSETCATALOG_COMPILER_GLOBAL_ACCENT_COLOR_NAME = AccentColor;
				CODE_SIGN_STYLE = Automatic;
				CURRENT_PROJECT_VERSION = 1;
				DEVELOPMENT_TEAM = D45TJAN5K6;
				GENERATE_INFOPLIST_FILE = YES;
				INFOPLIST_FILE = ContactList/App/Info.plist;
				INFOPLIST_KEY_UIApplicationSupportsIndirectInputEvents = YES;
				INFOPLIST_KEY_UILaunchStoryboardName = LaunchScreen;
				INFOPLIST_KEY_UIMainStoryboardFile = Main;
				INFOPLIST_KEY_UISupportedInterfaceOrientations = UIInterfaceOrientationPortrait;
				INFOPLIST_KEY_UISupportedInterfaceOrientations_iPad = "UIInterfaceOrientationLandscapeLeft UIInterfaceOrientationLandscapeRight UIInterfaceOrientationPortrait UIInterfaceOrientationPortraitUpsideDown";
				LD_RUNPATH_SEARCH_PATHS = (
					"$(inherited)",
					"@executable_path/Frameworks",
				);
				MARKETING_VERSION = 1.0;
				PRODUCT_BUNDLE_IDENTIFIER = "-.ContactList";
				PRODUCT_NAME = "$(TARGET_NAME)";
				SUPPORTED_PLATFORMS = "iphoneos iphonesimulator";
				SUPPORTS_MACCATALYST = NO;
				SUPPORTS_MAC_DESIGNED_FOR_IPHONE_IPAD = NO;
				SWIFT_EMIT_LOC_STRINGS = YES;
				SWIFT_VERSION = 5.0;
				TARGETED_DEVICE_FAMILY = 1;
			};
			name = Release;
		};
/* End XCBuildConfiguration section */

/* Begin XCConfigurationList section */
		25603AE22A2102AB00DF3096 /* Build configuration list for PBXProject "ContactList" */ = {
			isa = XCConfigurationList;
			buildConfigurations = (
				25603AF92A2102AD00DF3096 /* Debug */,
				25603AFA2A2102AD00DF3096 /* Release */,
			);
			defaultConfigurationIsVisible = 0;
			defaultConfigurationName = Release;
		};
		25603AFB2A2102AD00DF3096 /* Build configuration list for PBXNativeTarget "ContactList" */ = {
			isa = XCConfigurationList;
			buildConfigurations = (
				25603AFC2A2102AD00DF3096 /* Debug */,
				25603AFD2A2102AD00DF3096 /* Release */,
			);
			defaultConfigurationIsVisible = 0;
			defaultConfigurationName = Release;
		};
/* End XCConfigurationList section */
	};
	rootObject = 25603ADF2A2102AB00DF3096 /* Project object */;
}
